
Microsoft Visual Studio Solution File, Format Version 12.00
# Visual Studio Version 17
VisualStudioVersion = 17.6.33712.159
MinimumVisualStudioVersion = 10.0.40219.1
Project("{8BC9CEB8-8B4A-11D0-8D11-00A0C91BC942}") = "cw_04_02_2025", "cw_04_02_2025\cw_04_02_2025.vcxproj", "{563EAAF0-2214-4E7D-846E-5D141574AB4F}"
EndProject
Global
	GlobalSection(SolutionConfigurationPlatforms) = preSolution
		Debug|x64 = Debug|x64
		Debug|x86 = Debug|x86
		Release|x64 = Release|x64
		Release|x86 = Release|x86
	EndGlobalSection
	GlobalSection(ProjectConfigurationPlatforms) = postSolution
		{563EAAF0-2214-4E7D-846E-5D141574AB4F}.Debug|x64.ActiveCfg = Debug|x64
		{563EAAF0-2214-4E7D-846E-5D141574AB4F}.Debug|x64.Build.0 = Debug|x64
		{563EAAF0-2214-4E7D-846E-5D141574AB4F}.Debug|x86.ActiveCfg = Debug|Win32
		{563EAAF0-2214-4E7D-846E-5D141574AB4F}.Debug|x86.Build.0 = Debug|Win32
		{563EAAF0-2214-4E7D-846E-5D141574AB4F}.Release|x64.ActiveCfg = Release|x64
		{563EAAF0-2214-4E7D-846E-5D141574AB4F}.Release|x64.Build.0 = Release|x64
		{563EAAF0-2214-4E7D-846E-5D141574AB4F}.Release|x86.ActiveCfg = Release|Win32
		{563EAAF0-2214-4E7D-846E-5D141574AB4F}.Release|x86.Build.0 = Release|Win32
	EndGlobalSection
	GlobalSection(SolutionProperties) = preSolution
		HideSolutionNode = FALSE
	EndGlobalSection
	GlobalSection(ExtensibilityGlobals) = postSolution
		SolutionGuid = {1BBA12F4-3108-45F8-8E28-47598C391AC9}
	EndGlobalSection
EndGlobal
